
Microsoft Visual Studio Solution File, Format Version 12.00
# Visual Studio 14
VisualStudioVersion = 14.0.25420.1
MinimumVisualStudioVersion = 10.0.40219.1
Project("{FAE04EC0-301F-11D3-BF4B-00C04F79EFBC}") = "Dataflow.Series.One", "Dataflow_Series_1\Dataflow.Series.One.csproj", "{0D6ABBE7-26EB-424B-A777-ED9F216F408F}"
EndProject
Project("{FAE04EC0-301F-11D3-BF4B-00C04F79EFBC}") = "KeepingOrder", "KeepingOrder\KeepingOrder.csproj", "{2AE6596F-8B5A-4C4C-9348-0156893EF666}"
EndProject
Global
	GlobalSection(SolutionConfigurationPlatforms) = preSolution
		Debug|Any CPU = Debug|Any CPU
		Release|Any CPU = Release|Any CPU
	EndGlobalSection
	GlobalSection(ProjectConfigurationPlatforms) = postSolution
		{0D6ABBE7-26EB-424B-A777-ED9F216F408F}.Debug|Any CPU.ActiveCfg = Debug|Any CPU
		{0D6ABBE7-26EB-424B-A777-ED9F216F408F}.Debug|Any CPU.Build.0 = Debug|Any CPU
		{0D6ABBE7-26EB-424B-A777-ED9F216F408F}.Release|Any CPU.ActiveCfg = Release|Any CPU
		{0D6ABBE7-26EB-424B-A777-ED9F216F408F}.Release|Any CPU.Build.0 = Release|Any CPU
		{2AE6596F-8B5A-4C4C-9348-0156893EF666}.Debug|Any CPU.ActiveCfg = Debug|Any CPU
		{2AE6596F-8B5A-4C4C-9348-0156893EF666}.Debug|Any CPU.Build.0 = Debug|Any CPU
		{2AE6596F-8B5A-4C4C-9348-0156893EF666}.Release|Any CPU.ActiveCfg = Release|Any CPU
		{2AE6596F-8B5A-4C4C-9348-0156893EF666}.Release|Any CPU.Build.0 = Release|Any CPU
	EndGlobalSection
	GlobalSection(SolutionProperties) = preSolution
		HideSolutionNode = FALSE
	EndGlobalSection
EndGlobal
